
Microsoft Visual Studio Solution File, Format Version 12.00
# Visual Studio Version 17
VisualStudioVersion = 17.1.32328.378
MinimumVisualStudioVersion = 10.0.40219.1
Project("{FAE04EC0-301F-11D3-BF4B-00C04F79EFBC}") = "DevonsProgrammerCalc", "DevonsProgrammerCalc.csproj", "{1303DD37-CB78-4B08-A951-077BAF95DF6E}"
EndProject
Global
	GlobalSection(SolutionConfigurationPlatforms) = preSolution
		Debug|Any CPU = Debug|Any CPU
		Release|Any CPU = Release|Any CPU
	EndGlobalSection
	GlobalSection(ProjectConfigurationPlatforms) = postSolution
		{1303DD37-CB78-4B08-A951-077BAF95DF6E}.Debug|Any CPU.ActiveCfg = Debug|Any CPU
		{1303DD37-CB78-4B08-A951-077BAF95DF6E}.Debug|Any CPU.Build.0 = Debug|Any CPU
		{1303DD37-CB78-4B08-A951-077BAF95DF6E}.Release|Any CPU.ActiveCfg = Release|Any CPU
		{1303DD37-CB78-4B08-A951-077BAF95DF6E}.Release|Any CPU.Build.0 = Release|Any CPU
	EndGlobalSection
	GlobalSection(SolutionProperties) = preSolution
		HideSolutionNode = FALSE
	EndGlobalSection
	GlobalSection(ExtensibilityGlobals) = postSolution
		SolutionGuid = {577C6DD6-2460-422E-B138-D83F0FA16DA1}
	EndGlobalSection
EndGlobal
